
Microsoft Visual Studio Solution File, Format Version 12.00
# Visual Studio Version 16
VisualStudioVersion = 16.0.30204.135
MinimumVisualStudioVersion = 10.0.40219.1
Project("{FAE04EC0-301F-11D3-BF4B-00C04F79EFBC}") = "00_VariablesAndValueTypes", "00_VariablesAndValueTypes\00_VariablesAndValueTypes.csproj", "{639FF29B-97F6-422C-BA7B-18BEF10E755E}"
EndProject
Project("{FAE04EC0-301F-11D3-BF4B-00C04F79EFBC}") = "01_ReferenceTypes", "01_ReferenceTypes\01_ReferenceTypes.csproj", "{9F5BFE05-AF46-43C9-ADB4-DDC1EDE959B2}"
EndProject
Project("{FAE04EC0-301F-11D3-BF4B-00C04F79EFBC}") = "02_Operators", "02_Operators\02_Operators.csproj", "{026AEFF8-40EB-4CC9-8692-48DA0CB36EBD}"
EndProject
Project("{FAE04EC0-301F-11D3-BF4B-00C04F79EFBC}") = "03_IfElseStatements", "03_IfElseStatements\03_IfElseStatements.csproj", "{3BF4387E-7349-490B-B711-43EEEDEC0293}"
EndProject
Project("{FAE04EC0-301F-11D3-BF4B-00C04F79EFBC}") = "03_SwitchCases", "03_SwitchCases\03_SwitchCases.csproj", "{0BCEDD24-89C5-4C06-A32F-FBAA9F881B5D}"
EndProject
Project("{FAE04EC0-301F-11D3-BF4B-00C04F79EFBC}") = "03_Ternaries", "03_Ternaries\03_Ternaries.csproj", "{7204718A-C9EB-4E75-9A9C-321FE303433C}"
EndProject
Project("{FAE04EC0-301F-11D3-BF4B-00C04F79EFBC}") = "04_Loops", "04_Loops\04_Loops.csproj", "{F6B8A145-8E57-4F13-ACB6-F2AFC6F45033}"
EndProject
Project("{FAE04EC0-301F-11D3-BF4B-00C04F79EFBC}") = "05_Methods", "05_Methods\05_Methods.csproj", "{17966FD7-AC0D-403C-B2F7-41D08A5577D2}"
EndProject
Project("{FAE04EC0-301F-11D3-BF4B-00C04F79EFBC}") = "0624Challenge", "0624Challenge\0624Challenge.csproj", "{ABFE3C49-75CD-4A4B-92FC-FB3A858E5BB2}"
EndProject
Project("{FAE04EC0-301F-11D3-BF4B-00C04F79EFBC}") = "06_Classes", "06_Classes\06_Classes.csproj", "{10DEDA17-6697-4E14-961B-C94409797933}"
EndProject
Project("{FAE04EC0-301F-11D3-BF4B-00C04F79EFBC}") = "ConsoleApp2", "ConsoleApp2\ConsoleApp2.csproj", "{0E4FD0FF-A7F5-4AFB-A83C-E8EE27571648}"
EndProject
Project("{FAE04EC0-301F-11D3-BF4B-00C04F79EFBC}") = "04_Methods-Video", "04_Methods-Video\04_Methods-Video.csproj", "{2F41EC48-ED7F-41BC-970B-25B360DD023D}"
EndProject
Project("{FAE04EC0-301F-11D3-BF4B-00C04F79EFBC}") = "07_RepositoryPattern_Tests", "07_RepositoryPattern_Tests\07_RepositoryPattern_Tests.csproj", "{0A722047-E99E-4DC6-9018-2FC69E676FFC}"
EndProject
Project("{FAE04EC0-301F-11D3-BF4B-00C04F79EFBC}") = "07_RepositoryPattern_Repository", "07_RepositoryPattern_Repository\07_RepositoryPattern_Repository.csproj", "{8C8165D3-8122-4CD5-8079-A71852E49ED3}"
EndProject
Global
	GlobalSection(SolutionConfigurationPlatforms) = preSolution
		Debug|Any CPU = Debug|Any CPU
		Release|Any CPU = Release|Any CPU
	EndGlobalSection
	GlobalSection(ProjectConfigurationPlatforms) = postSolution
		{639FF29B-97F6-422C-BA7B-18BEF10E755E}.Debug|Any CPU.ActiveCfg = Debug|Any CPU
		{639FF29B-97F6-422C-BA7B-18BEF10E755E}.Debug|Any CPU.Build.0 = Debug|Any CPU
		{639FF29B-97F6-422C-BA7B-18BEF10E755E}.Release|Any CPU.ActiveCfg = Release|Any CPU
		{639FF29B-97F6-422C-BA7B-18BEF10E755E}.Release|Any CPU.Build.0 = Release|Any CPU
		{9F5BFE05-AF46-43C9-ADB4-DDC1EDE959B2}.Debug|Any CPU.ActiveCfg = Debug|Any CPU
		{9F5BFE05-AF46-43C9-ADB4-DDC1EDE959B2}.Debug|Any CPU.Build.0 = Debug|Any CPU
		{9F5BFE05-AF46-43C9-ADB4-DDC1EDE959B2}.Release|Any CPU.ActiveCfg = Release|Any CPU
		{9F5BFE05-AF46-43C9-ADB4-DDC1EDE959B2}.Release|Any CPU.Build.0 = Release|Any CPU
		{026AEFF8-40EB-4CC9-8692-48DA0CB36EBD}.Debug|Any CPU.ActiveCfg = Debug|Any CPU
		{026AEFF8-40EB-4CC9-8692-48DA0CB36EBD}.Debug|Any CPU.Build.0 = Debug|Any CPU
		{026AEFF8-40EB-4CC9-8692-48DA0CB36EBD}.Release|Any CPU.ActiveCfg = Release|Any CPU
		{026AEFF8-40EB-4CC9-8692-48DA0CB36EBD}.Release|Any CPU.Build.0 = Release|Any CPU
		{3BF4387E-7349-490B-B711-43EEEDEC0293}.Debug|Any CPU.ActiveCfg = Debug|Any CPU
		{3BF4387E-7349-490B-B711-43EEEDEC0293}.Debug|Any CPU.Build.0 = Debug|Any CPU
		{3BF4387E-7349-490B-B711-43EEEDEC0293}.Release|Any CPU.ActiveCfg = Release|Any CPU
		{3BF4387E-7349-490B-B711-43EEEDEC0293}.Release|Any CPU.Build.0 = Release|Any CPU
		{0BCEDD24-89C5-4C06-A32F-FBAA9F881B5D}.Debug|Any CPU.ActiveCfg = Debug|Any CPU
		{0BCEDD24-89C5-4C06-A32F-FBAA9F881B5D}.Debug|Any CPU.Build.0 = Debug|Any CPU
		{0BCEDD24-89C5-4C06-A32F-FBAA9F881B5D}.Release|Any CPU.ActiveCfg = Release|Any CPU
		{0BCEDD24-89C5-4C06-A32F-FBAA9F881B5D}.Release|Any CPU.Build.0 = Release|Any CPU
		{7204718A-C9EB-4E75-9A9C-321FE303433C}.Debug|Any CPU.ActiveCfg = Debug|Any CPU
		{7204718A-C9EB-4E75-9A9C-321FE303433C}.Debug|Any CPU.Build.0 = Debug|Any CPU
		{7204718A-C9EB-4E75-9A9C-321FE303433C}.Release|Any CPU.ActiveCfg = Release|Any CPU
		{7204718A-C9EB-4E75-9A9C-321FE303433C}.Release|Any CPU.Build.0 = Release|Any CPU
		{F6B8A145-8E57-4F13-ACB6-F2AFC6F45033}.Debug|Any CPU.ActiveCfg = Debug|Any CPU
		{F6B8A145-8E57-4F13-ACB6-F2AFC6F45033}.Debug|Any CPU.Build.0 = Debug|Any CPU
		{F6B8A145-8E57-4F13-ACB6-F2AFC6F45033}.Release|Any CPU.ActiveCfg = Release|Any CPU
		{F6B8A145-8E57-4F13-ACB6-F2AFC6F45033}.Release|Any CPU.Build.0 = Release|Any CPU
		{17966FD7-AC0D-403C-B2F7-41D08A5577D2}.Debug|Any CPU.ActiveCfg = Debug|Any CPU
		{17966FD7-AC0D-403C-B2F7-41D08A5577D2}.Debug|Any CPU.Build.0 = Debug|Any CPU
		{17966FD7-AC0D-403C-B2F7-41D08A5577D2}.Release|Any CPU.ActiveCfg = Release|Any CPU
		{17966FD7-AC0D-403C-B2F7-41D08A5577D2}.Release|Any CPU.Build.0 = Release|Any CPU
		{ABFE3C49-75CD-4A4B-92FC-FB3A858E5BB2}.Debug|Any CPU.ActiveCfg = Debug|Any CPU
		{ABFE3C49-75CD-4A4B-92FC-FB3A858E5BB2}.Debug|Any CPU.Build.0 = Debug|Any CPU
		{ABFE3C49-75CD-4A4B-92FC-FB3A858E5BB2}.Release|Any CPU.ActiveCfg = Release|Any CPU
		{ABFE3C49-75CD-4A4B-92FC-FB3A858E5BB2}.Release|Any CPU.Build.0 = Release|Any CPU
		{10DEDA17-6697-4E14-961B-C94409797933}.Debug|Any CPU.ActiveCfg = Debug|Any CPU
		{10DEDA17-6697-4E14-961B-C94409797933}.Debug|Any CPU.Build.0 = Debug|Any CPU
		{10DEDA17-6697-4E14-961B-C94409797933}.Release|Any CPU.ActiveCfg = Release|Any CPU
		{10DEDA17-6697-4E14-961B-C94409797933}.Release|Any CPU.Build.0 = Release|Any CPU
		{0E4FD0FF-A7F5-4AFB-A83C-E8EE27571648}.Debug|Any CPU.ActiveCfg = Debug|Any CPU
		{0E4FD0FF-A7F5-4AFB-A83C-E8EE27571648}.Debug|Any CPU.Build.0 = Debug|Any CPU
		{0E4FD0FF-A7F5-4AFB-A83C-E8EE27571648}.Release|Any CPU.ActiveCfg = Release|Any CPU
		{0E4FD0FF-A7F5-4AFB-A83C-E8EE27571648}.Release|Any CPU.Build.0 = Release|Any CPU
		{2F41EC48-ED7F-41BC-970B-25B360DD023D}.Debug|Any CPU.ActiveCfg = Debug|Any CPU
		{2F41EC48-ED7F-41BC-970B-25B360DD023D}.Debug|Any CPU.Build.0 = Debug|Any CPU
		{2F41EC48-ED7F-41BC-970B-25B360DD023D}.Release|Any CPU.ActiveCfg = Release|Any CPU
		{2F41EC48-ED7F-41BC-970B-25B360DD023D}.Release|Any CPU.Build.0 = Release|Any CPU
		{0A722047-E99E-4DC6-9018-2FC69E676FFC}.Debug|Any CPU.ActiveCfg = Debug|Any CPU
		{0A722047-E99E-4DC6-9018-2FC69E676FFC}.Debug|Any CPU.Build.0 = Debug|Any CPU
		{0A722047-E99E-4DC6-9018-2FC69E676FFC}.Release|Any CPU.ActiveCfg = Release|Any CPU
		{0A722047-E99E-4DC6-9018-2FC69E676FFC}.Release|Any CPU.Build.0 = Release|Any CPU
		{8C8165D3-8122-4CD5-8079-A71852E49ED3}.Debug|Any CPU.ActiveCfg = Debug|Any CPU
		{8C8165D3-8122-4CD5-8079-A71852E49ED3}.Debug|Any CPU.Build.0 = Debug|Any CPU
		{8C8165D3-8122-4CD5-8079-A71852E49ED3}.Release|Any CPU.ActiveCfg = Release|Any CPU
		{8C8165D3-8122-4CD5-8079-A71852E49ED3}.Release|Any CPU.Build.0 = Release|Any CPU
	EndGlobalSection
	GlobalSection(SolutionProperties) = preSolution
		HideSolutionNode = FALSE
	EndGlobalSection
	GlobalSection(ExtensibilityGlobals) = postSolution
		SolutionGuid = {E6C1A42D-D8D2-4502-9664-F47A8A66F8F8}
	EndGlobalSection
EndGlobal
